// !$*UTF8*$!
{
	archiveVersion = 1;
	classes = {
	};
	objectVersion = 46;
	objects = {

/* Begin PBXBuildFile section */
		909CE5331997B99B00CF6333 /* mobile_b.png in Resources */ = {isa = PBXBuildFile; fileRef = 909CE5321997B99B00CF6333 /* mobile_b.png */; };
		90E71A1819ACDE5D009D0A36 /* VKhideLaunchR4.png in Resources */ = {isa = PBXBuildFile; fileRef = 90E71A1719ACDE5D009D0A36 /* VKhideLaunchR4.png */; };
		90E85229198D535C00BF4C84 /* mobile.png in Resources */ = {isa = PBXBuildFile; fileRef = 90E85228198D535C00BF4C84 /* mobile.png */; };
		90EAFE92197ECD3300463F76 /* VKhideBG.png in Resources */ = {isa = PBXBuildFile; fileRef = 90EAFE91197ECD3300463F76 /* VKhideBG.png */; };
		90EB79B919759258008AA8E6 /* FavFrinedTableViewController.m in Sources */ = {isa = PBXBuildFile; fileRef = 90EB79B819759258008AA8E6 /* FavFrinedTableViewController.m */; };
		90EB79BB197595FE008AA8E6 /* add_inv.png in Resources */ = {isa = PBXBuildFile; fileRef = 90EB79BA197595FE008AA8E6 /* add_inv.png */; };
		A57D7454196826C80080BE08 /* NSDate+Utilities.m in Sources */ = {isa = PBXBuildFile; fileRef = A57D7453196826C80080BE08 /* NSDate+Utilities.m */; };
		A57D745719683E710080BE08 /* FriendsTableViewController.m in Sources */ = {isa = PBXBuildFile; fileRef = A57D745619683E710080BE08 /* FriendsTableViewController.m */; };
		A57D745A19683E8F0080BE08 /* FriendsStore.m in Sources */ = {isa = PBXBuildFile; fileRef = A57D745919683E8F0080BE08 /* FriendsStore.m */; };
		A57D745D19683EA20080BE08 /* Friend.m in Sources */ = {isa = PBXBuildFile; fileRef = A57D745C19683EA20080BE08 /* Friend.m */; };
		A58B4BB9196714C500D9E548 /* MainViewController.m in Sources */ = {isa = PBXBuildFile; fileRef = A58B4BB8196714C500D9E548 /* MainViewController.m */; };
		A58B4BBC1967474300D9E548 /* User.m in Sources */ = {isa = PBXBuildFile; fileRef = A58B4BBB1967474300D9E548 /* User.m */; };
		A5C69208196877B900CD70B8 /* no_avatar.png in Resources */ = {isa = PBXBuildFile; fileRef = A5C69207196877B900CD70B8 /* no_avatar.png */; };
		A5C6920A19687EC100CD70B8 /* background.png in Resources */ = {isa = PBXBuildFile; fileRef = A5C6920919687EC100CD70B8 /* background.png */; };
		A5ED8BE119646130007F4279 /* Foundation.framework in Frameworks */ = {isa = PBXBuildFile; fileRef = A5ED8BE019646130007F4279 /* Foundation.framework */; };
		A5ED8BE319646130007F4279 /* CoreGraphics.framework in Frameworks */ = {isa = PBXBuildFile; fileRef = A5ED8BE219646130007F4279 /* CoreGraphics.framework */; };
		A5ED8BE519646130007F4279 /* UIKit.framework in Frameworks */ = {isa = PBXBuildFile; fileRef = A5ED8BE419646130007F4279 /* UIKit.framework */; };
		A5ED8BEB19646130007F4279 /* InfoPlist.strings in Resources */ = {isa = PBXBuildFile; fileRef = A5ED8BE919646130007F4279 /* InfoPlist.strings */; };
		A5ED8BED19646130007F4279 /* main.m in Sources */ = {isa = PBXBuildFile; fileRef = A5ED8BEC19646130007F4279 /* main.m */; };
		A5ED8BF119646130007F4279 /* AppDelegate.m in Sources */ = {isa = PBXBuildFile; fileRef = A5ED8BF019646130007F4279 /* AppDelegate.m */; };
		A5ED8BF419646130007F4279 /* Main_iPhone.storyboard in Resources */ = {isa = PBXBuildFile; fileRef = A5ED8BF219646130007F4279 /* Main_iPhone.storyboard */; };
		A5ED8BFA19646130007F4279 /* ViewController.m in Sources */ = {isa = PBXBuildFile; fileRef = A5ED8BF919646130007F4279 /* ViewController.m */; };
		A5ED8BFC19646130007F4279 /* Images.xcassets in Resources */ = {isa = PBXBuildFile; fileRef = A5ED8BFB19646130007F4279 /* Images.xcassets */; };
		A5ED8C0319646130007F4279 /* XCTest.framework in Frameworks */ = {isa = PBXBuildFile; fileRef = A5ED8C0219646130007F4279 /* XCTest.framework */; };
		A5ED8C0419646130007F4279 /* Foundation.framework in Frameworks */ = {isa = PBXBuildFile; fileRef = A5ED8BE019646130007F4279 /* Foundation.framework */; };
		A5ED8C0519646130007F4279 /* UIKit.framework in Frameworks */ = {isa = PBXBuildFile; fileRef = A5ED8BE419646130007F4279 /* UIKit.framework */; };
		A5ED8C0D19646130007F4279 /* InfoPlist.strings in Resources */ = {isa = PBXBuildFile; fileRef = A5ED8C0B19646130007F4279 /* InfoPlist.strings */; };
		A5ED8C0F19646130007F4279 /* VKhideTests.m in Sources */ = {isa = PBXBuildFile; fileRef = A5ED8C0E19646130007F4279 /* VKhideTests.m */; };
		D47536C8C2D3421E9D43BD2F /* libPods.a in Frameworks */ = {isa = PBXBuildFile; fileRef = 4D8D0B344E9145169AD7ADEF /* libPods.a */; };
/* End PBXBuildFile section */

/* Begin PBXContainerItemProxy section */
		A5ED8C0619646130007F4279 /* PBXContainerItemProxy */ = {
			isa = PBXContainerItemProxy;
			containerPortal = A5ED8BD519646130007F4279 /* Project object */;
			proxyType = 1;
			remoteGlobalIDString = A5ED8BDC19646130007F4279;
			remoteInfo = VKhide;
		};
/* End PBXContainerItemProxy section */

/* Begin PBXFileReference section */
		4D8D0B344E9145169AD7ADEF /* libPods.a */ = {isa = PBXFileReference; explicitFileType = archive.ar; includeInIndex = 0; path = libPods.a; sourceTree = BUILT_PRODUCTS_DIR; };
		909CE5321997B99B00CF6333 /* mobile_b.png */ = {isa = PBXFileReference; lastKnownFileType = image.png; path = mobile_b.png; sourceTree = "<group>"; };
		90E71A1719ACDE5D009D0A36 /* VKhideLaunchR4.png */ = {isa = PBXFileReference; lastKnownFileType = image.png; path = VKhideLaunchR4.png; sourceTree = "<group>"; };
		90E85228198D535C00BF4C84 /* mobile.png */ = {isa = PBXFileReference; lastKnownFileType = image.png; path = mobile.png; sourceTree = "<group>"; };
		90EAFE91197ECD3300463F76 /* VKhideBG.png */ = {isa = PBXFileReference; lastKnownFileType = image.png; path = VKhideBG.png; sourceTree = "<group>"; };
		90EB79B719759258008AA8E6 /* FavFrinedTableViewController.h */ = {isa = PBXFileReference; fileEncoding = 4; lastKnownFileType = sourcecode.c.h; path = FavFrinedTableViewController.h; sourceTree = "<group>"; };
		90EB79B819759258008AA8E6 /* FavFrinedTableViewController.m */ = {isa = PBXFileReference; fileEncoding = 4; lastKnownFileType = sourcecode.c.objc; path = FavFrinedTableViewController.m; sourceTree = "<group>"; };
		90EB79BA197595FE008AA8E6 /* add_inv.png */ = {isa = PBXFileReference; lastKnownFileType = image.png; path = add_inv.png; sourceTree = "<group>"; };
		90EFC03719811BB00060C3B2 /* ru */ = {isa = PBXFileReference; lastKnownFileType = text.plist.strings; name = ru; path = ru.lproj/Main_iPhone.strings; sourceTree = "<group>"; };
		90EFC03819811BB00060C3B2 /* ru */ = {isa = PBXFileReference; lastKnownFileType = text.plist.strings; name = ru; path = ru.lproj/InfoPlist.strings; sourceTree = "<group>"; };
		90EFC03919811BB00060C3B2 /* ru */ = {isa = PBXFileReference; lastKnownFileType = text.plist.strings; name = ru; path = ru.lproj/InfoPlist.strings; sourceTree = "<group>"; };
		A57D7452196826C80080BE08 /* NSDate+Utilities.h */ = {isa = PBXFileReference; fileEncoding = 4; lastKnownFileType = sourcecode.c.h; path = "NSDate+Utilities.h"; sourceTree = "<group>"; };
		A57D7453196826C80080BE08 /* NSDate+Utilities.m */ = {isa = PBXFileReference; fileEncoding = 4; lastKnownFileType = sourcecode.c.objc; path = "NSDate+Utilities.m"; sourceTree = "<group>"; };
		A57D745519683E710080BE08 /* FriendsTableViewController.h */ = {isa = PBXFileReference; fileEncoding = 4; lastKnownFileType = sourcecode.c.h; path = FriendsTableViewController.h; sourceTree = "<group>"; };
		A57D745619683E710080BE08 /* FriendsTableViewController.m */ = {isa = PBXFileReference; fileEncoding = 4; lastKnownFileType = sourcecode.c.objc; path = FriendsTableViewController.m; sourceTree = "<group>"; };
		A57D745819683E8F0080BE08 /* FriendsStore.h */ = {isa = PBXFileReference; fileEncoding = 4; lastKnownFileType = sourcecode.c.h; path = FriendsStore.h; sourceTree = "<group>"; };
		A57D745919683E8F0080BE08 /* FriendsStore.m */ = {isa = PBXFileReference; fileEncoding = 4; lastKnownFileType = sourcecode.c.objc; path = FriendsStore.m; sourceTree = "<group>"; };
		A57D745B19683EA20080BE08 /* Friend.h */ = {isa = PBXFileReference; fileEncoding = 4; lastKnownFileType = sourcecode.c.h; path = Friend.h; sourceTree = "<group>"; };
		A57D745C19683EA20080BE08 /* Friend.m */ = {isa = PBXFileReference; fileEncoding = 4; lastKnownFileType = sourcecode.c.objc; path = Friend.m; sourceTree = "<group>"; };
		A58B4BB7196714C500D9E548 /* MainViewController.h */ = {isa = PBXFileReference; fileEncoding = 4; lastKnownFileType = sourcecode.c.h; path = MainViewController.h; sourceTree = "<group>"; };
		A58B4BB8196714C500D9E548 /* MainViewController.m */ = {isa = PBXFileReference; fileEncoding = 4; lastKnownFileType = sourcecode.c.objc; path = MainViewController.m; sourceTree = "<group>"; };
		A58B4BBA1967474300D9E548 /* User.h */ = {isa = PBXFileReference; fileEncoding = 4; lastKnownFileType = sourcecode.c.h; path = User.h; sourceTree = "<group>"; };
		A58B4BBB1967474300D9E548 /* User.m */ = {isa = PBXFileReference; fileEncoding = 4; lastKnownFileType = sourcecode.c.objc; path = User.m; sourceTree = "<group>"; };
		A5C69207196877B900CD70B8 /* no_avatar.png */ = {isa = PBXFileReference; lastKnownFileType = image.png; path = no_avatar.png; sourceTree = "<group>"; };
		A5C6920919687EC100CD70B8 /* background.png */ = {isa = PBXFileReference; lastKnownFileType = image.png; path = background.png; sourceTree = "<group>"; };
		A5ED8BDD19646130007F4279 /* VKhide.app */ = {isa = PBXFileReference; explicitFileType = wrapper.application; includeInIndex = 0; path = VKhide.app; sourceTree = BUILT_PRODUCTS_DIR; };
		A5ED8BE019646130007F4279 /* Foundation.framework */ = {isa = PBXFileReference; lastKnownFileType = wrapper.framework; name = Foundation.framework; path = System/Library/Frameworks/Foundation.framework; sourceTree = SDKROOT; };
		A5ED8BE219646130007F4279 /* CoreGraphics.framework */ = {isa = PBXFileReference; lastKnownFileType = wrapper.framework; name = CoreGraphics.framework; path = System/Library/Frameworks/CoreGraphics.framework; sourceTree = SDKROOT; };
		A5ED8BE419646130007F4279 /* UIKit.framework */ = {isa = PBXFileReference; lastKnownFileType = wrapper.framework; name = UIKit.framework; path = System/Library/Frameworks/UIKit.framework; sourceTree = SDKROOT; };
		A5ED8BE819646130007F4279 /* VKhide-Info.plist */ = {isa = PBXFileReference; lastKnownFileType = text.plist.xml; path = "VKhide-Info.plist"; sourceTree = "<group>"; };
		A5ED8BEA19646130007F4279 /* en */ = {isa = PBXFileReference; lastKnownFileType = text.plist.strings; name = en; path = en.lproj/InfoPlist.strings; sourceTree = "<group>"; };
		A5ED8BEC19646130007F4279 /* main.m */ = {isa = PBXFileReference; lastKnownFileType = sourcecode.c.objc; path = main.m; sourceTree = "<group>"; };
		A5ED8BEE19646130007F4279 /* VKhide-Prefix.pch */ = {isa = PBXFileReference; lastKnownFileType = sourcecode.c.h; path = "VKhide-Prefix.pch"; sourceTree = "<group>"; };
		A5ED8BEF19646130007F4279 /* AppDelegate.h */ = {isa = PBXFileReference; lastKnownFileType = sourcecode.c.h; path = AppDelegate.h; sourceTree = "<group>"; };
		A5ED8BF019646130007F4279 /* AppDelegate.m */ = {isa = PBXFileReference; lastKnownFileType = sourcecode.c.objc; path = AppDelegate.m; sourceTree = "<group>"; };
		A5ED8BF319646130007F4279 /* Base */ = {isa = PBXFileReference; lastKnownFileType = file.storyboard; name = Base; path = Base.lproj/Main_iPhone.storyboard; sourceTree = "<group>"; };
		A5ED8BF819646130007F4279 /* ViewController.h */ = {isa = PBXFileReference; lastKnownFileType = sourcecode.c.h; path = ViewController.h; sourceTree = "<group>"; };
		A5ED8BF919646130007F4279 /* ViewController.m */ = {isa = PBXFileReference; lastKnownFileType = sourcecode.c.objc; path = ViewController.m; sourceTree = "<group>"; };
		A5ED8BFB19646130007F4279 /* Images.xcassets */ = {isa = PBXFileReference; lastKnownFileType = folder.assetcatalog; path = Images.xcassets; sourceTree = "<group>"; };
		A5ED8C0119646130007F4279 /* VKhideTests.xctest */ = {isa = PBXFileReference; explicitFileType = wrapper.cfbundle; includeInIndex = 0; path = VKhideTests.xctest; sourceTree = BUILT_PRODUCTS_DIR; };
		A5ED8C0219646130007F4279 /* XCTest.framework */ = {isa = PBXFileReference; lastKnownFileType = wrapper.framework; name = XCTest.framework; path = Library/Frameworks/XCTest.framework; sourceTree = DEVELOPER_DIR; };
		A5ED8C0A19646130007F4279 /* VKhideTests-Info.plist */ = {isa = PBXFileReference; lastKnownFileType = text.plist.xml; path = "VKhideTests-Info.plist"; sourceTree = "<group>"; };
		A5ED8C0C19646130007F4279 /* en */ = {isa = PBXFileReference; lastKnownFileType = text.plist.strings; name = en; path = en.lproj/InfoPlist.strings; sourceTree = "<group>"; };
		A5ED8C0E19646130007F4279 /* VKhideTests.m */ = {isa = PBXFileReference; lastKnownFileType = sourcecode.c.objc; path = VKhideTests.m; sourceTree = "<group>"; };
		A9CA9C866D1A43CBBF1657F5 /* Pods.xcconfig */ = {isa = PBXFileReference; includeInIndex = 1; lastKnownFileType = text.xcconfig; name = Pods.xcconfig; path = Pods/Pods.xcconfig; sourceTree = "<group>"; };
/* End PBXFileReference section */

/* Begin PBXFrameworksBuildPhase section */
		A5ED8BDA19646130007F4279 /* Frameworks */ = {
			isa = PBXFrameworksBuildPhase;
			buildActionMask = 2147483647;
			files = (
				A5ED8BE319646130007F4279 /* CoreGraphics.framework in Frameworks */,
				A5ED8BE519646130007F4279 /* UIKit.framework in Frameworks */,
				A5ED8BE119646130007F4279 /* Foundation.framework in Frameworks */,
				D47536C8C2D3421E9D43BD2F /* libPods.a in Frameworks */,
			);
			runOnlyForDeploymentPostprocessing = 0;
		};
		A5ED8BFE19646130007F4279 /* Frameworks */ = {
			isa = PBXFrameworksBuildPhase;
			buildActionMask = 2147483647;
			files = (
				A5ED8C0319646130007F4279 /* XCTest.framework in Frameworks */,
				A5ED8C0519646130007F4279 /* UIKit.framework in Frameworks */,
				A5ED8C0419646130007F4279 /* Foundation.framework in Frameworks */,
			);
			runOnlyForDeploymentPostprocessing = 0;
		};
/* End PBXFrameworksBuildPhase section */

/* Begin PBXGroup section */
		A5ED8BD419646130007F4279 = {
			isa = PBXGroup;
			children = (
				A5ED8BE619646130007F4279 /* VKhide */,
				A5ED8C0819646130007F4279 /* VKhideTests */,
				A5ED8BDF19646130007F4279 /* Frameworks */,
				A5ED8BDE19646130007F4279 /* Products */,
				A9CA9C866D1A43CBBF1657F5 /* Pods.xcconfig */,
			);
			sourceTree = "<group>";
		};
		A5ED8BDE19646130007F4279 /* Products */ = {
			isa = PBXGroup;
			children = (
				A5ED8BDD19646130007F4279 /* VKhide.app */,
				A5ED8C0119646130007F4279 /* VKhideTests.xctest */,
			);
			name = Products;
			sourceTree = "<group>";
		};
		A5ED8BDF19646130007F4279 /* Frameworks */ = {
			isa = PBXGroup;
			children = (
				A5ED8BE019646130007F4279 /* Foundation.framework */,
				A5ED8BE219646130007F4279 /* CoreGraphics.framework */,
				A5ED8BE419646130007F4279 /* UIKit.framework */,
				A5ED8C0219646130007F4279 /* XCTest.framework */,
				4D8D0B344E9145169AD7ADEF /* libPods.a */,
			);
			name = Frameworks;
			sourceTree = "<group>";
		};
		A5ED8BE619646130007F4279 /* VKhide */ = {
			isa = PBXGroup;
			children = (
				90E85228198D535C00BF4C84 /* mobile.png */,
				909CE5321997B99B00CF6333 /* mobile_b.png */,
				A5C69207196877B900CD70B8 /* no_avatar.png */,
				A5C6920919687EC100CD70B8 /* background.png */,
				90E71A1719ACDE5D009D0A36 /* VKhideLaunchR4.png */,
				90EAFE91197ECD3300463F76 /* VKhideBG.png */,
				90EB79BA197595FE008AA8E6 /* add_inv.png */,
				A5ED8BEF19646130007F4279 /* AppDelegate.h */,
				A5ED8BF019646130007F4279 /* AppDelegate.m */,
				A57D7452196826C80080BE08 /* NSDate+Utilities.h */,
				A57D7453196826C80080BE08 /* NSDate+Utilities.m */,
				A5ED8BF219646130007F4279 /* Main_iPhone.storyboard */,
				90EB79B719759258008AA8E6 /* FavFrinedTableViewController.h */,
				90EB79B819759258008AA8E6 /* FavFrinedTableViewController.m */,
				A57D745519683E710080BE08 /* FriendsTableViewController.h */,
				A57D745619683E710080BE08 /* FriendsTableViewController.m */,
				A57D745819683E8F0080BE08 /* FriendsStore.h */,
				A57D745919683E8F0080BE08 /* FriendsStore.m */,
				A57D745B19683EA20080BE08 /* Friend.h */,
				A57D745C19683EA20080BE08 /* Friend.m */,
				A58B4BBA1967474300D9E548 /* User.h */,
				A58B4BBB1967474300D9E548 /* User.m */,
				A58B4BB7196714C500D9E548 /* MainViewController.h */,
				A58B4BB8196714C500D9E548 /* MainViewController.m */,
				A5ED8BF819646130007F4279 /* ViewController.h */,
				A5ED8BF919646130007F4279 /* ViewController.m */,
				A5ED8BFB19646130007F4279 /* Images.xcassets */,
				A5ED8BE719646130007F4279 /* Supporting Files */,
			);
			path = VKhide;
			sourceTree = "<group>";
		};
		A5ED8BE719646130007F4279 /* Supporting Files */ = {
			isa = PBXGroup;
			children = (
				A5ED8BE819646130007F4279 /* VKhide-Info.plist */,
				A5ED8BE919646130007F4279 /* InfoPlist.strings */,
				A5ED8BEC19646130007F4279 /* main.m */,
				A5ED8BEE19646130007F4279 /* VKhide-Prefix.pch */,
			);
			name = "Supporting Files";
			sourceTree = "<group>";
		};
		A5ED8C0819646130007F4279 /* VKhideTests */ = {
			isa = PBXGroup;
			children = (
				A5ED8C0E19646130007F4279 /* VKhideTests.m */,
				A5ED8C0919646130007F4279 /* Supporting Files */,
			);
			path = VKhideTests;
			sourceTree = "<group>";
		};
		A5ED8C0919646130007F4279 /* Supporting Files */ = {
			isa = PBXGroup;
			children = (
				A5ED8C0A19646130007F4279 /* VKhideTests-Info.plist */,
				A5ED8C0B19646130007F4279 /* InfoPlist.strings */,
			);
			name = "Supporting Files";
			sourceTree = "<group>";
		};
/* End PBXGroup section */

/* Begin PBXNativeTarget section */
		A5ED8BDC19646130007F4279 /* VKhide */ = {
			isa = PBXNativeTarget;
			buildConfigurationList = A5ED8C1219646130007F4279 /* Build configuration list for PBXNativeTarget "VKhide" */;
			buildPhases = (
				F184E92C2BC34C1996501974 /* Check Pods Manifest.lock */,
				A5ED8BD919646130007F4279 /* Sources */,
				A5ED8BDA19646130007F4279 /* Frameworks */,
				A5ED8BDB19646130007F4279 /* Resources */,
				830E6A17F4204880AB1297C0 /* Copy Pods Resources */,
			);
			buildRules = (
			);
			dependencies = (
			);
			name = VKhide;
			productName = VKhide;
			productReference = A5ED8BDD19646130007F4279 /* VKhide.app */;
			productType = "com.apple.product-type.application";
		};
		A5ED8C0019646130007F4279 /* VKhideTests */ = {
			isa = PBXNativeTarget;
			buildConfigurationList = A5ED8C1519646130007F4279 /* Build configuration list for PBXNativeTarget "VKhideTests" */;
			buildPhases = (
				A5ED8BFD19646130007F4279 /* Sources */,
				A5ED8BFE19646130007F4279 /* Frameworks */,
				A5ED8BFF19646130007F4279 /* Resources */,
			);
			buildRules = (
			);
			dependencies = (
				A5ED8C0719646130007F4279 /* PBXTargetDependency */,
			);
			name = VKhideTests;
			productName = VKhideTests;
			productReference = A5ED8C0119646130007F4279 /* VKhideTests.xctest */;
			productType = "com.apple.product-type.bundle.unit-test";
		};
/* End PBXNativeTarget section */

/* Begin PBXProject section */
		A5ED8BD519646130007F4279 /* Project object */ = {
			isa = PBXProject;
			attributes = {
				LastUpgradeCheck = 0510;
				ORGANIZATIONNAME = "Михаил Лукьянов";
				TargetAttributes = {
					A5ED8BDC19646130007F4279 = {
						DevelopmentTeam = S8QL92FQKV;
					};
					A5ED8C0019646130007F4279 = {
						TestTargetID = A5ED8BDC19646130007F4279;
					};
				};
			};
			buildConfigurationList = A5ED8BD819646130007F4279 /* Build configuration list for PBXProject "VKhide" */;
			compatibilityVersion = "Xcode 3.2";
			developmentRegion = English;
			hasScannedForEncodings = 0;
			knownRegions = (
				en,
				Base,
				ru,
			);
			mainGroup = A5ED8BD419646130007F4279;
			productRefGroup = A5ED8BDE19646130007F4279 /* Products */;
			projectDirPath = "";
			projectRoot = "";
			targets = (
				A5ED8BDC19646130007F4279 /* VKhide */,
				A5ED8C0019646130007F4279 /* VKhideTests */,
			);
		};
/* End PBXProject section */

/* Begin PBXResourcesBuildPhase section */
		A5ED8BDB19646130007F4279 /* Resources */ = {
			isa = PBXResourcesBuildPhase;
			buildActionMask = 2147483647;
			files = (
				909CE5331997B99B00CF6333 /* mobile_b.png in Resources */,
				90E85229198D535C00BF4C84 /* mobile.png in Resources */,
				A5ED8BFC19646130007F4279 /* Images.xcassets in Resources */,
				90EB79BB197595FE008AA8E6 /* add_inv.png in Resources */,
				A5ED8BF419646130007F4279 /* Main_iPhone.storyboard in Resources */,
				A5C6920A19687EC100CD70B8 /* background.png in Resources */,
				A5ED8BEB19646130007F4279 /* InfoPlist.strings in Resources */,
				90E71A1819ACDE5D009D0A36 /* VKhideLaunchR4.png in Resources */,
				90EAFE92197ECD3300463F76 /* VKhideBG.png in Resources */,
				A5C69208196877B900CD70B8 /* no_avatar.png in Resources */,
			);
			runOnlyForDeploymentPostprocessing = 0;
		};
		A5ED8BFF19646130007F4279 /* Resources */ = {
			isa = PBXResourcesBuildPhase;
			buildActionMask = 2147483647;
			files = (
				A5ED8C0D19646130007F4279 /* InfoPlist.strings in Resources */,
			);
			runOnlyForDeploymentPostprocessing = 0;
		};
/* End PBXResourcesBuildPhase section */

/* Begin PBXShellScriptBuildPhase section */
		830E6A17F4204880AB1297C0 /* Copy Pods Resources */ = {
			isa = PBXShellScriptBuildPhase;
			buildActionMask = 2147483647;
			files = (
			);
			inputPaths = (
			);
			name = "Copy Pods Resources";
			outputPaths = (
			);
			runOnlyForDeploymentPostprocessing = 0;
			shellPath = /bin/sh;
			shellScript = "\"${SRCROOT}/Pods/Pods-resources.sh\"\n";
			showEnvVarsInLog = 0;
		};
		F184E92C2BC34C1996501974 /* Check Pods Manifest.lock */ = {
			isa = PBXShellScriptBuildPhase;
			buildActionMask = 2147483647;
			files = (
			);
			inputPaths = (
			);
			name = "Check Pods Manifest.lock";
			outputPaths = (
			);
			runOnlyForDeploymentPostprocessing = 0;
			shellPath = /bin/sh;
			shellScript = "diff \"${PODS_ROOT}/../Podfile.lock\" \"${PODS_ROOT}/Manifest.lock\" > /dev/null\nif [[ $? != 0 ]] ; then\n    cat << EOM\nerror: The sandbox is not in sync with the Podfile.lock. Run 'pod install' or update your CocoaPods installation.\nEOM\n    exit 1\nfi\n";
			showEnvVarsInLog = 0;
		};
/* End PBXShellScriptBuildPhase section */

/* Begin PBXSourcesBuildPhase section */
		A5ED8BD919646130007F4279 /* Sources */ = {
			isa = PBXSourcesBuildPhase;
			buildActionMask = 2147483647;
			files = (
				A58B4BBC1967474300D9E548 /* User.m in Sources */,
				A57D745D19683EA20080BE08 /* Friend.m in Sources */,
				A57D745719683E710080BE08 /* FriendsTableViewController.m in Sources */,
				90EB79B919759258008AA8E6 /* FavFrinedTableViewController.m in Sources */,
				A5ED8BFA19646130007F4279 /* ViewController.m in Sources */,
				A57D745A19683E8F0080BE08 /* FriendsStore.m in Sources */,
				A5ED8BF119646130007F4279 /* AppDelegate.m in Sources */,
				A5ED8BED19646130007F4279 /* main.m in Sources */,
				A58B4BB9196714C500D9E548 /* MainViewController.m in Sources */,
				A57D7454196826C80080BE08 /* NSDate+Utilities.m in Sources */,
			);
			runOnlyForDeploymentPostprocessing = 0;
		};
		A5ED8BFD19646130007F4279 /* Sources */ = {
			isa = PBXSourcesBuildPhase;
			buildActionMask = 2147483647;
			files = (
				A5ED8C0F19646130007F4279 /* VKhideTests.m in Sources */,
			);
			runOnlyForDeploymentPostprocessing = 0;
		};
/* End PBXSourcesBuildPhase section */

/* Begin PBXTargetDependency section */
		A5ED8C0719646130007F4279 /* PBXTargetDependency */ = {
			isa = PBXTargetDependency;
			target = A5ED8BDC19646130007F4279 /* VKhide */;
			targetProxy = A5ED8C0619646130007F4279 /* PBXContainerItemProxy */;
		};
/* End PBXTargetDependency section */

/* Begin PBXVariantGroup section */
		A5ED8BE919646130007F4279 /* InfoPlist.strings */ = {
			isa = PBXVariantGroup;
			children = (
				A5ED8BEA19646130007F4279 /* en */,
				90EFC03819811BB00060C3B2 /* ru */,
			);
			name = InfoPlist.strings;
			sourceTree = "<group>";
		};
		A5ED8BF219646130007F4279 /* Main_iPhone.storyboard */ = {
			isa = PBXVariantGroup;
			children = (
				A5ED8BF319646130007F4279 /* Base */,
				90EFC03719811BB00060C3B2 /* ru */,
			);
			name = Main_iPhone.storyboard;
			sourceTree = "<group>";
		};
		A5ED8C0B19646130007F4279 /* InfoPlist.strings */ = {
			isa = PBXVariantGroup;
			children = (
				A5ED8C0C19646130007F4279 /* en */,
				90EFC03919811BB00060C3B2 /* ru */,
			);
			name = InfoPlist.strings;
			sourceTree = "<group>";
		};
/* End PBXVariantGroup section */

/* Begin XCBuildConfiguration section */
		A5ED8C1019646130007F4279 /* Debug */ = {
			isa = XCBuildConfiguration;
			buildSettings = {
				ALWAYS_SEARCH_USER_PATHS = NO;
				CLANG_CXX_LANGUAGE_STANDARD = "gnu++0x";
				CLANG_CXX_LIBRARY = "libc++";
				CLANG_ENABLE_MODULES = YES;
				CLANG_ENABLE_OBJC_ARC = YES;
				CLANG_WARN_BOOL_CONVERSION = YES;
				CLANG_WARN_CONSTANT_CONVERSION = YES;
				CLANG_WARN_DIRECT_OBJC_ISA_USAGE = YES_ERROR;
				CLANG_WARN_EMPTY_BODY = YES;
				CLANG_WARN_ENUM_CONVERSION = YES;
				CLANG_WARN_INT_CONVERSION = YES;
				CLANG_WARN_OBJC_ROOT_CLASS = YES_ERROR;
				CLANG_WARN__DUPLICATE_METHOD_MATCH = YES;
				"CODE_SIGN_IDENTITY[sdk=iphoneos*]" = "iPhone Developer";
				COPY_PHASE_STRIP = NO;
				GCC_C_LANGUAGE_STANDARD = gnu99;
				GCC_DYNAMIC_NO_PIC = NO;
				GCC_OPTIMIZATION_LEVEL = 0;
				GCC_PREPROCESSOR_DEFINITIONS = (
					"DEBUG=1",
					"$(inherited)",
				);
				GCC_SYMBOLS_PRIVATE_EXTERN = NO;
				GCC_WARN_64_TO_32_BIT_CONVERSION = YES;
				GCC_WARN_ABOUT_RETURN_TYPE = YES_ERROR;
				GCC_WARN_UNDECLARED_SELECTOR = YES;
				GCC_WARN_UNINITIALIZED_AUTOS = YES_AGGRESSIVE;
				GCC_WARN_UNUSED_FUNCTION = YES;
				GCC_WARN_UNUSED_VARIABLE = YES;
				IPHONEOS_DEPLOYMENT_TARGET = 7.1;
				ONLY_ACTIVE_ARCH = YES;
				SDKROOT = iphoneos;
				TARGETED_DEVICE_FAMILY = "1,2";
			};
			name = Debug;
		};
		A5ED8C1119646130007F4279 /* Release */ = {
			isa = XCBuildConfiguration;
			buildSettings = {
				ALWAYS_SEARCH_USER_PATHS = NO;
				CLANG_CXX_LANGUAGE_STANDARD = "gnu++0x";
				CLANG_CXX_LIBRARY = "libc++";
				CLANG_ENABLE_MODULES = YES;
				CLANG_ENABLE_OBJC_ARC = YES;
				CLANG_WARN_BOOL_CONVERSION = YES;
				CLANG_WARN_CONSTANT_CONVERSION = YES;
				CLANG_WARN_DIRECT_OBJC_ISA_USAGE = YES_ERROR;
				CLANG_WARN_EMPTY_BODY = YES;
				CLANG_WARN_ENUM_CONVERSION = YES;
				CLANG_WARN_INT_CONVERSION = YES;
				CLANG_WARN_OBJC_ROOT_CLASS = YES_ERROR;
				CLANG_WARN__DUPLICATE_METHOD_MATCH = YES;
				"CODE_SIGN_IDENTITY[sdk=iphoneos*]" = "iPhone Developer";
				COPY_PHASE_STRIP = YES;
				ENABLE_NS_ASSERTIONS = NO;
				GCC_C_LANGUAGE_STANDARD = gnu99;
				GCC_WARN_64_TO_32_BIT_CONVERSION = YES;
				GCC_WARN_ABOUT_RETURN_TYPE = YES_ERROR;
				GCC_WARN_UNDECLARED_SELECTOR = YES;
				GCC_WARN_UNINITIALIZED_AUTOS = YES_AGGRESSIVE;
				GCC_WARN_UNUSED_FUNCTION = YES;
				GCC_WARN_UNUSED_VARIABLE = YES;
				IPHONEOS_DEPLOYMENT_TARGET = 7.1;
				SDKROOT = iphoneos;
				TARGETED_DEVICE_FAMILY = "1,2";
				VALIDATE_PRODUCT = YES;
			};
			name = Release;
		};
		A5ED8C1319646130007F4279 /* Debug */ = {
			isa = XCBuildConfiguration;
			baseConfigurationReference = A9CA9C866D1A43CBBF1657F5 /* Pods.xcconfig */;
			buildSettings = {
				ASSETCATALOG_COMPILER_APPICON_NAME = AppIcon;
				ASSETCATALOG_COMPILER_LAUNCHIMAGE_NAME = LaunchImage;
				CODE_SIGN_IDENTITY = "iPhone Developer";
				"CODE_SIGN_IDENTITY[sdk=iphoneos*]" = "iPhone Developer";
				GCC_PRECOMPILE_PREFIX_HEADER = YES;
				GCC_PREFIX_HEADER = "VKhide/VKhide-Prefix.pch";
				INFOPLIST_FILE = "VKhide/VKhide-Info.plist";
				IPHONEOS_DEPLOYMENT_TARGET = 7.0;
				PRODUCT_NAME = "$(TARGET_NAME)";
				PROVISIONING_PROFILE = "DFE6FAD4-6673-4415-A824-319110BA91E9";
				TARGETED_DEVICE_FAMILY = 1;
				WRAPPER_EXTENSION = app;
			};
			name = Debug;
		};
		A5ED8C1419646130007F4279 /* Release */ = {
			isa = XCBuildConfiguration;
			baseConfigurationReference = A9CA9C866D1A43CBBF1657F5 /* Pods.xcconfig */;
			buildSettings = {
				ASSETCATALOG_COMPILER_APPICON_NAME = AppIcon;
				ASSETCATALOG_COMPILER_LAUNCHIMAGE_NAME = LaunchImage;
				CODE_SIGN_IDENTITY = "iPhone Developer";
				"CODE_SIGN_IDENTITY[sdk=iphoneos*]" = "iPhone Developer";
				GCC_PRECOMPILE_PREFIX_HEADER = YES;
				GCC_PREFIX_HEADER = "VKhide/VKhide-Prefix.pch";
				INFOPLIST_FILE = "VKhide/VKhide-Info.plist";
				IPHONEOS_DEPLOYMENT_TARGET = 7.0;
				PRODUCT_NAME = "$(TARGET_NAME)";
				PROVISIONING_PROFILE = "DFE6FAD4-6673-4415-A824-319110BA91E9";
				TARGETED_DEVICE_FAMILY = 1;
				WRAPPER_EXTENSION = app;
			};
			name = Release;
		};
		A5ED8C1619646130007F4279 /* Debug */ = {
			isa = XCBuildConfiguration;
			buildSettings = {
				BUNDLE_LOADER = "$(BUILT_PRODUCTS_DIR)/VKhide.app/VKhide";
				FRAMEWORK_SEARCH_PATHS = (
					"$(SDKROOT)/Developer/Library/Frameworks",
					"$(inherited)",
					"$(DEVELOPER_FRAMEWORKS_DIR)",
				);
				GCC_PRECOMPILE_PREFIX_HEADER = YES;
				GCC_PREFIX_HEADER = "VKhide/VKhide-Prefix.pch";
				GCC_PREPROCESSOR_DEFINITIONS = (
					"DEBUG=1",
					"$(inherited)",
				);
				INFOPLIST_FILE = "VKhideTests/VKhideTests-Info.plist";
				PRODUCT_NAME = "$(TARGET_NAME)";
				TEST_HOST = "$(BUNDLE_LOADER)";
				WRAPPER_EXTENSION = xctest;
			};
			name = Debug;
		};
		A5ED8C1719646130007F4279 /* Release */ = {
			isa = XCBuildConfiguration;
			buildSettings = {
				BUNDLE_LOADER = "$(BUILT_PRODUCTS_DIR)/VKhide.app/VKhide";
				FRAMEWORK_SEARCH_PATHS = (
					"$(SDKROOT)/Developer/Library/Frameworks",
					"$(inherited)",
					"$(DEVELOPER_FRAMEWORKS_DIR)",
				);
				GCC_PRECOMPILE_PREFIX_HEADER = YES;
				GCC_PREFIX_HEADER = "VKhide/VKhide-Prefix.pch";
				INFOPLIST_FILE = "VKhideTests/VKhideTests-Info.plist";
				PRODUCT_NAME = "$(TARGET_NAME)";
				TEST_HOST = "$(BUNDLE_LOADER)";
				WRAPPER_EXTENSION = xctest;
			};
			name = Release;
		};
/* End XCBuildConfiguration section */

/* Begin XCConfigurationList section */
		A5ED8BD819646130007F4279 /* Build configuration list for PBXProject "VKhide" */ = {
			isa = XCConfigurationList;
			buildConfigurations = (
				A5ED8C1019646130007F4279 /* Debug */,
				A5ED8C1119646130007F4279 /* Release */,
			);
			defaultConfigurationIsVisible = 0;
			defaultConfigurationName = Release;
		};
		A5ED8C1219646130007F4279 /* Build configuration list for PBXNativeTarget "VKhide" */ = {
			isa = XCConfigurationList;
			buildConfigurations = (
				A5ED8C1319646130007F4279 /* Debug */,
				A5ED8C1419646130007F4279 /* Release */,
			);
			defaultConfigurationIsVisible = 0;
			defaultConfigurationName = Release;
		};
		A5ED8C1519646130007F4279 /* Build configuration list for PBXNativeTarget "VKhideTests" */ = {
			isa = XCConfigurationList;
			buildConfigurations = (
				A5ED8C1619646130007F4279 /* Debug */,
				A5ED8C1719646130007F4279 /* Release */,
			);
			defaultConfigurationIsVisible = 0;
			defaultConfigurationName = Release;
		};
/* End XCConfigurationList section */
	};
	rootObject = A5ED8BD519646130007F4279 /* Project object */;
}
